# THIS IS AN AUTOGENERATED FILE. DO NOT EDIT THIS FILE DIRECTLY.
assets/1.1.jpg:
  development: 2018-04-24T12:47:44-04:00   d2acf0711d52def8ef3351a350c07abc
assets/1.2.jpg:
  development: 2018-04-24T12:47:44-04:00   50b89f929998db9bad91c3f461bf8e74
assets/1.3.jpg:
  development: 2018-04-24T12:47:44-04:00   1cfd37e36ea418749306d0e6e7610886
assets/Apple-Chancery.eot:
  development: 2018-04-24T12:47:44-04:00   253403ccefbb6634d37e2dc4bfe1ca6a
assets/Apple-Chancery.svg:
  development: 2018-05-07T11:44:02-04:00   744093e90ba499cd1ce408ef10e3003c
assets/Apple-Chancery.ttf:
  development: 2018-04-24T12:47:44-04:00   6728e4412c4f4152d46b1e23c2890ca9
assets/Apple-Chancery.woff:
  development: 2018-04-24T12:47:45-04:00   14fd85c4152ef091cc5db3ca023cd990
assets/Apple-Chancery.woff2:
  development: 2018-04-24T12:47:45-04:00   9af826fa74032ca669c6a3ad3646e729
assets/Close-dr.png:
  development: 2018-04-24T12:47:45-04:00   b402af924c56f77e0adf8cd50e69fcd0
assets/Close.png:
  development: 2018-04-24T12:47:45-04:00   40489b0337e608f110278570fccefd59
assets/Lock.png:
  development: 2018-04-24T12:47:45-04:00   c320c25a319f9996c4571c336c34b413
assets/LucidaGrande-Bold.svg:
  development: 2018-05-07T11:45:44-04:00   93422e8c1ef81d0e6a4be7254246eaea
assets/LucidaGrande-Bold.ttf:
  development: 2018-04-24T12:47:45-04:00   1c5360217f7c343e2c021880f14f16ed
assets/LucidaGrande-Bold.woff:
  development: 2018-04-24T12:47:45-04:00   7bc67f47968221cb8f810e87b8abe486
assets/LucidaGrande.eot:
  development: 2018-04-24T12:47:45-04:00   aecdd96750bb952d1ca82ada8b6172d1
assets/LucidaGrande.svg:
  development: 2018-05-07T11:45:45-04:00   11d579e6791a8e69f56272b86d69f9ae
assets/LucidaGrande.ttf:
  development: 2018-04-24T12:47:45-04:00   ab2abbc7b4f88d0c5b686d1460bfbe47
assets/LucidaGrande.woff:
  development: 2018-04-24T12:47:46-04:00   3d2da14bacd98ea5ef360a75b7fb39ec
assets/LucidaGrande.woff2:
  development: 2018-04-24T12:47:46-04:00   6b99c98da687e8145e3b08ad69b17b3d
assets/LucidaGrandeBold.eot:
  development: 2018-04-24T12:47:46-04:00   1d1d8fbd369a38993ff5947a4aaed763
assets/LucidaGrandeBold.woff2:
  development: 2018-04-24T12:47:46-04:00   6704dc7d76724f7cb3a4649cf2362f37
assets/ajax-cart.js:
  development: 2018-05-18T11:05:15-04:00   86272e6d56e087bd78d79fb04f2030ac
assets/ajax-cart.js.liquid:
  development: 2018-05-18T11:05:53-04:00   dbbe82ffcd6e607f3148b0e15a6eee1d
assets/ajax-loader.gif:
  development: 2018-04-24T12:47:46-04:00   deca8b0ecd6974227d157b6d7068995d
assets/checkout.jpg:
  development: 2018-04-24T12:47:46-04:00   3722b665d9bc6d0444b9cd6b7bce552a
assets/collections-banner.jpg:
  development: 2018-04-24T12:47:46-04:00   bed09c28550fc49242dcbb2fb5640861
assets/consistent_cart_addon.min.js:
  development: 2018-05-14T13:44:39-04:00   cf66f6dfc88bb326f2de4ac99d547c45
assets/custom.css:
  development: 2018-05-14T13:44:03-04:00   c71bc582ac2a3982a223921a86fdba5c
assets/custom.scss.liquid:
  development: 2018-05-14T13:43:36-04:00   85e2c65914e2196790f500b1260430d3
assets/down-arrow.png:
  development: 2018-04-24T12:47:46-04:00   1932158b2555aa2637a73b86b2069eb4
assets/drawer.min.js:
  development: 2018-04-24T12:47:46-04:00   184a9fa21098728774e57be2a5b793b9
assets/easy.jpg:
  development: 2018-04-24T12:47:46-04:00   0273dde7eb9ac900e321d85d3b6370db
assets/filter.jpg:
  development: 2018-04-24T12:47:46-04:00   da73737fe0fc8f0485901c68cedb2150
assets/filter.png:
  development: 2018-04-24T12:47:47-04:00   ff423ea8189f5ce5814ea3a5ea99756b
assets/gg-hero.jpg:
  development: 2018-04-24T12:47:47-04:00   b83b1ff8b16dbae66f55eae089a7fd63
assets/gift-card.js:
  development: 2018-04-24T12:47:47-04:00   c73df2ee57cc9eb577f7a1858063495d
assets/gift-card.scss.liquid:
  development: 2018-04-24T12:47:47-04:00   647ae860a3a785081fa97f55b66cea83
assets/gift-guide.scss.liquid:
  development: 2018-04-24T12:47:47-04:00   33288e6a9013a1ca61908a52c7f10b81
assets/gray-logo.jpg:
  development: 2018-04-24T12:47:47-04:00   de5b945a676a133406ad5dcccacd007e
assets/handlebars.min.js:
  development: 2018-04-24T12:47:47-04:00   b3c11508a224ee83f86e2fc6491e9751
assets/heart-icon.png:
  development: 2018-05-14T13:44:00-04:00   e12513a6ce338c416d95bb37404a57bc
assets/heart.jpg:
  development: 2018-04-24T12:47:47-04:00   1bd74a66f795f31e5796714d8d94ab7b
assets/heart_icon.png:
  development: 2018-05-14T13:43:51-04:00   e12513a6ce338c416d95bb37404a57bc
assets/ico-select.svg.liquid:
  development: 2018-04-24T12:47:49-04:00   28de0c672609528b7c55f6f47810784b
assets/iscroll.min.js:
  development: 2018-04-24T12:47:49-04:00   05a7fbe907e0aca5a210836f54468bc9
assets/isotope.pkgd.min.js:
  development: 2018-04-24T12:47:49-04:00   4853ab7252c867e4fea9a5d98d4813ed
assets/jquery.collapsible.min.js:
  development: 2018-04-24T12:47:49-04:00   ac31b4a6bbc27cffabfe99c4615b4940
assets/jquery.countdown.min.js:
  development: 2018-04-24T12:47:49-04:00   7efb9767ce564a8768c981cfb68e48c5
assets/jquery.currencies.min.js:
  development: 2018-05-07T11:44:26-04:00   fbda3f892f5bfe99013e90c545ecef31
assets/jquery.meanmenu.min.js:
  development: 2018-04-24T12:47:49-04:00   c25c63a099fb2135bb24a00293bd19a8
assets/jquery.min.js:
  development: 2018-05-07T11:44:48-04:00   214ed1125d1198add2d7df62cbad80c4
assets/jquery.scrollUp.min.js:
  development: 2018-05-07T11:44:44-04:00   63bbf26c1fd78c531513dd6a4a2e4f51
assets/lazysizes.js:
  development: 2018-04-24T12:47:49-04:00   d71f3a809fc9ed62402f2b64548255cf
assets/lock.jpg:
  development: 2018-04-24T12:47:49-04:00   3800d4b483e74eb44a86a4329689d08d
assets/logo-loader.jpg:
  development: 2018-04-24T12:47:49-04:00   895305dd68646b9b0fedf412bcd585c7
assets/logo-paypal-2.png:
  development: 2018-04-24T12:47:49-04:00   9a06bca5720371baf151fbea76c75893
assets/main.css:
  development: 2018-05-14T13:43:52-04:00   38cf64eccc8712de99f16845b1794cdc
assets/main.js:
  development: 2018-04-24T12:47:49-04:00   5d4be0f86bdcb65038f99fbda975c33d
assets/match-media.min.js:
  development: 2018-04-24T12:47:50-04:00   d0bf06c458a236dcca39b3be8cf80ec5
assets/menu-img.png:
  development: 2018-05-14T13:45:11-04:00   032781a6ce60d9a01c39158f928eff61
assets/new-cart.png:
  development: 2018-05-14T13:45:21-04:00   e3ec651bf73bdeb836b76a71a82119a4
assets/new-hrt.png:
  development: 2018-05-14T13:43:27-04:00   5505284067f632c0fccbf15cb60d1ce1
assets/new-img.png:
  development: 2018-05-14T13:44:51-04:00   9b833238e22393e021836cd2db1a9017
assets/new-srch.png:
  development: 2018-05-14T13:45:15-04:00   1af5ca5fd9bdde892f865a308d12b3ec
assets/new-usr.png:
  development: 2018-05-14T13:44:20-04:00   3c204293fbd03c378908c2eedcf355fc
assets/panda-swatches.css:
  development: 2018-04-24T12:47:50-04:00   5133aa68cbdf99f19723b8548decd803
assets/password.js:
  development: 2018-04-24T12:47:50-04:00   d826da9cb223a44d53a0c34f457e92dc
assets/paypal.jpg:
  development: 2018-04-24T12:47:50-04:00   9e726f8445bb54a506b76e5176eaa815
assets/plugins.js:
  development: 2018-04-24T12:47:50-04:00   074c4c08f0730c4d4ca76f724355807c
assets/ruler.png:
  development: 2018-04-24T12:47:50-04:00   dfd97147cd32edf91b13d1c8ea3d1c96
assets/script_p.js:
  development: 2018-04-24T12:47:50-04:00   0a0edf3b4969056359d27463467625b3
assets/selected-arrow.jpg:
  development: 2018-04-24T12:47:50-04:00   620e52bf96c3eb16a426f99c6ce98985
assets/soldout.png:
  development: 2018-04-24T12:47:50-04:00   6a7697db19e17aae7568e216c2b365af
assets/spinner.gif:
  development: 2018-04-24T12:47:50-04:00   05cdeba9162460f24ef1a3299c62e257
assets/styled-image-1.jpg:
  development: 2018-04-24T12:47:50-04:00   3b21469e725a265b3109a313f9c5fcbc
assets/styled-image-2.jpg:
  development: 2018-04-24T12:47:50-04:00   b7a8b8ccf3282fa2e4cf0b936cb1971e
assets/theme-1.js:
  development: 2018-04-24T12:47:50-04:00   9aa061dd1a3083981d1b2dc443d1ffb4
assets/theme.js:
  development: 2018-05-22T19:13:19-04:00   350426d81721b5abe8892090a4e8cb29
assets/theme.js.liquid:
  development: 2018-05-14T13:45:23-04:00   f9f6c4d8afaaca04aba98baa17d75234
assets/theme.scss.liquid:
  development: 2018-05-22T18:30:00-04:00   edb92e889f175feb59148b426127bc66
assets/up-arrows.png:
  development: 2018-04-24T12:47:50-04:00   3acc20b848d7c34e9078443049af62e1
assets/vendor.js:
  development: 2018-04-24T12:47:51-04:00   24eec0b8c0034a20ddfb820349e86e35
assets/wish-list.jpg:
  development: 2018-04-24T12:47:51-04:00   c5139928679facba663acd99d429001e
assets/with-pay.jpg:
  development: 2018-04-24T12:47:51-04:00   7ec53911f36bb1ab6071c9e3e268b2f5
assets/wow.min.js:
  development: 2018-04-24T12:47:51-04:00   a6fde40a57060c5a97bfad924e275f1e
config/settings_schema.json:
  development: 2018-04-24T12:47:54-04:00   bf4979f9f3b4ea42542ff9815c4e896c
layout/SWYM_BACKUP_theme.liquid:
  development: 2018-05-14T13:43:40-04:00   a47e330e275dd3f885a7cd18f33756f0
layout/gift_card.liquid:
  development: 2018-04-24T12:47:51-04:00   876374b0950e11992ce087d1d2bad3c8
layout/password.liquid:
  development: 2018-04-24T12:47:51-04:00   bd0ca59572b2ffcfacc43742c3134b99
layout/theme.liquid:
  development: 2018-05-14T13:44:13-04:00   b24fb0353672fb3040cb5fb64822b2d9
locales/de.json:
  development: 2018-05-07T11:44:10-04:00   f5f3c8f1501ae024fa2c85793cc2b26f
locales/en.default.json:
  development: 2018-05-07T11:44:13-04:00   cd5fa90af7b710a4712d16b91d1b3e64
locales/es.json:
  development: 2018-05-07T11:44:14-04:00   55ea5b3ef99220c30ae1bfcb1027df62
locales/fr.json:
  development: 2018-05-07T11:44:17-04:00   f98c2a9a8c4aa0529fac51133f6db6e1
locales/it.json:
  development: 2018-05-07T11:44:20-04:00   ce2876e5ae57ada5db13588340f50543
locales/ja.json:
  development: 2018-05-07T11:44:24-04:00   e5233a621bcd9e6212f3936ac59f3e1b
locales/pt-BR.json:
  development: 2018-05-07T11:44:27-04:00   c904444e8669c5ce94e04605e854b67f
locales/pt-PT.json:
  development: 2018-05-07T11:44:30-04:00   b227d112059d06bf296e5c47cca1d57a
sections/Image_with_textbox.liquid:
  development: 2018-04-24T12:47:42-04:00   3ba9b64ccbf44bf3f6b373b576f96808
sections/article-template.liquid:
  development: 2018-04-24T12:47:43-04:00   6850937aeb295fae74ca4dec2a6922bb
sections/blog-template.liquid:
  development: 2018-04-24T12:47:43-04:00   5757170836346c1082ffba4ef408857e
sections/cart-template.liquid:
  development: 2018-04-24T12:47:43-04:00   0ff8fa247628fb79cffc0b6b6a383d39
sections/collection-list.liquid:
  development: 2018-04-24T12:47:43-04:00   50192d173f7158096dbbffabbc08d208
sections/collection-listnew.liquid:
  development: 2018-04-24T12:47:43-04:00   25371366c2b2d009392a961f1fdb3ff4
sections/collection-template.liquid:
  development: 2018-05-14T13:44:26-04:00   841e6740e1ecfd43f7f17d44a46bb396
sections/collection.liquid:
  development: 2018-04-24T12:47:43-04:00   fd5242a92f4eb30ac729a6f07f07369d
sections/custom-content.liquid:
  development: 2018-04-24T12:47:43-04:00   9abed1c1562136145fb81ea24137c7ac
sections/feature-collection_home.liquid:
  development: 2018-04-24T12:47:43-04:00   47bfb5d1d8df3637f95b7e1d91f2c827
sections/feature-columns.liquid:
  development: 2018-04-24T12:47:43-04:00   be9bcdeab05a07245e2fa9a90ef2fb46
sections/feature-columns_old.liquid:
  development: 2018-04-24T12:47:43-04:00   7ee793287ae4e364423ed47d32ad34af
sections/feature-row.liquid:
  development: 2018-04-24T12:47:43-04:00   bde08223943123aaf565f941cabf86e4
sections/feature-row1.liquid:
  development: 2018-04-24T12:47:43-04:00   bde08223943123aaf565f941cabf86e4
sections/feature-row2.liquid:
  development: 2018-04-24T12:47:43-04:00   bde08223943123aaf565f941cabf86e4
sections/featured-blog.liquid:
  development: 2018-04-24T12:47:43-04:00   9a1edbe837a0e23ee0b4aa7e024db613
sections/featured-product.liquid:
  development: 2018-04-24T12:47:43-04:00   9c2cd13b0e7e12c4468426c6119eb30e
sections/footer.liquid:
  development: 2018-05-14T13:45:00-04:00   af0c32d10f572da624da4925acb3a2dc
sections/header.liquid:
  development: 2018-05-14T13:45:10-04:00   34bad39ed623281c23a83624325439f4
sections/hero.liquid:
  development: 2018-04-24T12:47:43-04:00   7a46616ce730ac68232f35ac775e8954
sections/image-bar.liquid:
  development: 2018-04-24T12:47:43-04:00   7df4b16a0ac3bf7c1d20878db2b440e8
sections/list-collections-template.liquid:
  development: 2018-04-24T12:47:43-04:00   3039da18483e52dcf6e6d354ac533cb6
sections/logo-bar.liquid:
  development: 2018-04-24T12:47:43-04:00   be9fbe5af92667ee59e0b2198d02944c
sections/map.liquid:
  development: 2018-05-07T11:45:18-04:00   e6bfab6213264f929e50e67ca23701b1
sections/newsletter.liquid:
  development: 2018-04-24T12:47:43-04:00   e5e3b7216b1f6352652611995b8091f7
sections/page-gift.liquid:
  development: 2018-04-24T12:47:43-04:00   1e7981b029662b717f902ca17c1987d3
sections/page-help.liquid:
  development: 2018-04-24T12:47:43-04:00   0c3ce3acd668e3249eadada65b77a41a
sections/page-our_story.liquid:
  development: 2018-04-24T12:47:43-04:00   e264501d56ea569a3e9f76f4533f4bd6
sections/page-sizing.liquid:
  development: 2018-04-24T12:47:43-04:00   075562107bbb85e60d2f1b2c0fc34c3e
sections/password-content.liquid:
  development: 2018-04-24T12:47:43-04:00   a3f9a878372b9cc4908dedc0257b9c0e
sections/password-footer.liquid:
  development: 2018-04-24T12:47:44-04:00   0c543736abf1ace6be7207be17195203
sections/password-header.liquid:
  development: 2018-04-24T12:47:44-04:00   96c731183fa1c3f2f87ca66501494897
sections/product-template-2.liquid:
  development: 2018-04-24T12:47:44-04:00   974a1b3cddc4281008f03e37363c96cb
sections/product-template-3.liquid:
  development: 2018-04-24T12:47:44-04:00   f0fc7af31496596e67320ee5b5133d2a
sections/product-template-uaf-2.liquid:
  development: 2018-05-22T17:22:41-04:00   69439a221ef25e95d7859cb894a6ca6b
sections/product-template-uaf.liquid:
  development: 2018-05-15T08:34:42-04:00   1f29582b2fe7a3a12c9fd4df0849452d
sections/product-template-xuaf.liquid:
  development: 2018-05-15T08:34:30-04:00   1090d1a59fc263f2ebbf44cb337622e8
sections/product-template.liquid:
  development: 2018-05-22T19:14:11-04:00   f76f68ac1b869af4714b8a775e9da03c
sections/quotes.liquid:
  development: 2018-05-07T11:43:46-04:00   b234ffff9a061befe87a0d69a121af1c
sections/related-products.liquid:
  development: 2018-04-24T12:47:44-04:00   0eff19ed04dd270423c26640e071d8c3
sections/rich-text.liquid:
  development: 2018-04-24T12:47:44-04:00   78cc2b1651a1bfdcd66149d00d486d50
sections/slideshow.liquid:
  development: 2018-04-24T12:47:44-04:00   89960512c8f7dc148f0a64bc784a43aa
sections/slideshownew.liquid:
  development: 2018-04-24T12:47:44-04:00   89960512c8f7dc148f0a64bc784a43aa
snippets/Image_with_textbox.liquid:
  development: 2018-04-24T12:47:51-04:00   9d72c8ce6a4a897c0a05e8dda4deb238
snippets/Image_with_textbox1.liquid:
  development: 2018-04-24T12:47:51-04:00   b695e275af774527b9df4667882910fd
snippets/Image_with_textbox2.liquid:
  development: 2018-04-24T12:47:51-04:00   5e5d2be85a662b56e249429dea49ab10
snippets/ajax-cart-hover.liquid:
  development: 2018-05-07T11:43:54-04:00   7476db8193a6c244963ec1877910f6ea
snippets/ajax-cart-template.liquid:
  development: 2018-05-14T13:43:53-04:00   6cc3c5939d0efc5bc439b8f3d9054fef
snippets/bgset.liquid:
  development: 2018-04-24T12:47:51-04:00   85889bbc39b57621f32fad66317366fc
snippets/breadcrumb.liquid:
  development: 2018-04-24T12:47:51-04:00   ee6be26dc2d010f127b52956c6e77b02
snippets/collection-grid-item.liquid:
  development: 2018-04-24T12:47:51-04:00   985e08bea743b0c664d3125569b656b1
snippets/collection-grid.liquid:
  development: 2018-05-14T13:44:50-04:00   e7bb81b3e695748f6b18565e4614c2ff
snippets/comment.liquid:
  development: 2018-04-24T12:47:52-04:00   50406c82467014e1bbe15a62685b2536
snippets/currencies.liquid:
  development: 2018-04-24T12:47:52-04:00   353c2b82cc112a921d45a0e75d12a2ae
snippets/currency-picker.liquid:
  development: 2018-04-24T12:47:52-04:00   a6333b40cf2faae586fd26bcd2916b49
snippets/filter-by-collection.liquid:
  development: 2018-04-24T12:47:52-04:00   0c6909245fae0aa59c97c4f4848a1a3e
snippets/google-fonts.liquid:
  development: 2018-04-24T12:47:52-04:00   46fdf49a73fb2f2ef18a584e1b0f2c6d
snippets/icon-amazon_payments.liquid:
  development: 2018-04-24T12:47:52-04:00   f1ad8ba26dd5b98117703ede5357e408
snippets/icon-american_express.liquid:
  development: 2018-04-24T12:47:52-04:00   9da829decce6867b8de60a183c94d099
snippets/icon-apple_pay.liquid:
  development: 2018-04-24T12:47:52-04:00   e82e7acc46479ea2173926f8fad55db0
snippets/icon-arrow-left.liquid:
  development: 2018-04-24T12:47:52-04:00   5abf8c4c69967103f685014dcc88a6e7
snippets/icon-arrow-right.liquid:
  development: 2018-04-24T12:47:52-04:00   45f24673c43655e9275d1ba99d814374
snippets/icon-bitcoin.liquid:
  development: 2018-04-24T12:47:52-04:00   d8cb31e0401818c1cb852348b6f27420
snippets/icon-cart.liquid:
  development: 2018-04-24T12:47:52-04:00   450e17f77d8347ce87a168093b296a07
snippets/icon-chevron-down.liquid:
  development: 2018-04-24T12:47:52-04:00   7d3a8cd08370aa9d2a88ae542446a181
snippets/icon-chevron-left.liquid:
  development: 2018-04-24T12:47:52-04:00   6290d56c32e8ac47abe4a4f4d90ed032
snippets/icon-chevron-right.liquid:
  development: 2018-04-24T12:47:52-04:00   41842e53e7b826a0d260e2ccffbfdab1
snippets/icon-chevron-up.liquid:
  development: 2018-04-24T12:47:52-04:00   4df1e02c8789418fc53d48e2913daf49
snippets/icon-cirrus.liquid:
  development: 2018-04-24T12:47:52-04:00   fcbd6ce7e38d7946c921c8ed6ad5ca71
snippets/icon-close.liquid:
  development: 2018-04-24T12:47:52-04:00   a04fce17a63e760b9bce76768ee29feb
snippets/icon-dankort.liquid:
  development: 2018-04-24T12:47:52-04:00   796e1e822b3e46784d303b48c9db5b29
snippets/icon-diners_club.liquid:
  development: 2018-04-24T12:47:52-04:00   cf70ea54486bb14c286264f90dab9ff8
snippets/icon-discover.liquid:
  development: 2018-04-24T12:47:52-04:00   b43221b39bc3df37f7e6c7810d3e54d8
snippets/icon-dogecoin.liquid:
  development: 2018-04-24T12:47:52-04:00   6a35f5db9eb93d1ed563c6989ff30798
snippets/icon-dwolla.liquid:
  development: 2018-04-24T12:47:52-04:00   aeb86f67aad84adaf7635d2043cb89a9
snippets/icon-facebook.liquid:
  development: 2018-04-24T12:47:52-04:00   6d41614c04a4f80a68bb84f5d5d52240
snippets/icon-forbrugsforeningen.liquid:
  development: 2018-04-24T12:47:52-04:00   ff962a94f23046340766c215b0f14a52
snippets/icon-hamburger.liquid:
  development: 2018-04-24T12:47:52-04:00   559577e06ff14924311cfe2642e8b765
snippets/icon-instagram.liquid:
  development: 2018-04-24T12:47:52-04:00   bf50214819f6e2a5f053593e2414526d
snippets/icon-interac.liquid:
  development: 2018-04-24T12:47:52-04:00   24c4d22a98c0574c32fc02fe39e34b80
snippets/icon-jcb.liquid:
  development: 2018-04-24T12:47:52-04:00   275259ce80a1b368d0e5afcf7d6bb6f3
snippets/icon-laser.liquid:
  development: 2018-04-24T12:47:52-04:00   bd1a0ecfe958b6a6e84bf80e0669a6da
snippets/icon-litecoin.liquid:
  development: 2018-04-24T12:47:52-04:00   051dfcb36fa17b532a087b12f0a49e0e
snippets/icon-lock.liquid:
  development: 2018-04-24T12:47:52-04:00   60ae7ba03d14efa582faed8855821a58
snippets/icon-login.liquid:
  development: 2018-04-24T12:47:52-04:00   7efa618171ec670f71cc959b46b80010
snippets/icon-maestro.liquid:
  development: 2018-04-24T12:47:52-04:00   b987e558ecad607661489939ec8ca524
snippets/icon-mail.liquid:
  development: 2018-04-24T12:47:52-04:00   b265b6d0762accb26e60afa9ebb10597
snippets/icon-master.liquid:
  development: 2018-04-24T12:47:52-04:00   7be93970b63c2fd0e2b319a35c00a9d7
snippets/icon-minus.liquid:
  development: 2018-04-24T12:47:52-04:00   78c513424d498299e865f8a242823ad0
snippets/icon-pause.liquid:
  development: 2018-04-24T12:47:52-04:00   99e785a63af3ab0a7ccd9c5551ea8910
snippets/icon-paypal.liquid:
  development: 2018-04-24T12:47:52-04:00   1b0d7db160b229b8519cccf2514ee676
snippets/icon-pin.liquid:
  development: 2018-04-24T12:47:52-04:00   694162388571d6142ec30bc299d8ac91
snippets/icon-pinterest.liquid:
  development: 2018-04-24T12:47:53-04:00   42efee89778f8475757f0ba32e091a6d
snippets/icon-play-video.liquid:
  development: 2018-04-24T12:47:53-04:00   f0b736a271f33b83b319b2d04e61aa2b
snippets/icon-play.liquid:
  development: 2018-04-24T12:47:53-04:00   31ff2901a9fd0f32ebc4c05748e7aa5d
snippets/icon-plus.liquid:
  development: 2018-04-24T12:47:53-04:00   ba5297f64eb7ea97f1785e8166e11231
snippets/icon-quote.liquid:
  development: 2018-04-24T12:47:53-04:00   e710949f7a142dfc3c4fac15c33bb2fa
snippets/icon-rss.liquid:
  development: 2018-04-24T12:47:53-04:00   6493d6bcb850513a55823d4ff62b0f8b
snippets/icon-search.liquid:
  development: 2018-04-24T12:47:53-04:00   b0866557fabfe53b1854b0bce51fc7bf
snippets/icon-shopify-logo.liquid:
  development: 2018-04-24T12:47:53-04:00   3f0b70f9e01be5b25507d25a732ecde7
snippets/icon-snapchat.liquid:
  development: 2018-04-24T12:47:53-04:00   9ed6937e3232c9034976be2b8ed9f673
snippets/icon-stripe.liquid:
  development: 2018-04-24T12:47:53-04:00   208713954dff9de98f800df59763615d
snippets/icon-support.liquid:
  development: 2018-04-24T12:47:53-04:00   c081e2f4ef456196ec023e4ac0546396
snippets/icon-tumblr.liquid:
  development: 2018-04-24T12:47:53-04:00   d71a4ada77a8a9b6bd792bdafef393de
snippets/icon-twitter.liquid:
  development: 2018-04-24T12:47:53-04:00   24047c22697a23a0baabf2804adc6c11
snippets/icon-vimeo.liquid:
  development: 2018-04-24T12:47:53-04:00   a229ed8a1a81e6ef95ad621f8a34efb6
snippets/icon-visa.liquid:
  development: 2018-04-24T12:47:53-04:00   9098533cd59e385d2672f6d8b7fa4b04
snippets/icon-youtube.liquid:
  development: 2018-04-24T12:47:53-04:00   9d72c5bc3eaa14a3e7aefd921881b1ae
snippets/image-style.liquid:
  development: 2018-04-24T12:47:53-04:00   f90a2d47c2c0dca806400e3cbb726435
snippets/item-swatch.liquid:
  development: 2018-04-24T12:47:53-04:00   e7c59fb463253daa002415b952d91c6b
snippets/judgeme_all_reviews.liquid:
  development: 2018-04-24T12:47:53-04:00   2eb59f5b7251c8dc0c63e9dc08430b4e
snippets/judgeme_core.liquid:
  development: 2018-04-24T12:47:53-04:00   ec344b1be8b7c09d4f31a69afe39fe51
snippets/new-drop.liquid:
  development: 2018-05-14T13:44:22-04:00   c514462c50ada5d2608d8115c4c5313f
snippets/no-blocks.liquid:
  development: 2018-04-24T12:47:53-04:00   0cb7d758b6df0feb07ae5804b4b627fa
snippets/page-card-grid.liquid:
  development: 2018-04-24T12:47:53-04:00   10500ffcb83a7433e23f1cc88cbca77d
snippets/pagination.liquid:
  development: 2018-04-24T12:47:53-04:00   21eb22fbf93da5d96f2d111ce4784463
snippets/panda-swatch.liquid:
  development: 2018-05-07T11:44:59-04:00   9d11e0c6dfe0dabeff566aa597d962cc
snippets/product-card-grid-mobile.liquid:
  development: 2018-04-24T12:47:53-04:00   45b385d31e761b34c3744b15b2ea00b5
snippets/product-card-grid.liquid:
  development: 2018-05-14T13:44:00-04:00   23da76c45495225af538154dc821bdf1
snippets/product-card-list.liquid:
  development: 2018-04-24T12:47:53-04:00   701fa6db04bd9c70283028cc4274fc2f
snippets/product-form-sticky.liquid:
  development: 2018-04-24T12:47:53-04:00   26ef0ab5946e6d3daed60ac25f33b320
snippets/product-price.liquid:
  development: 2018-04-24T12:47:53-04:00   6898ccfbca724f40d43ce3540f1fe27f
snippets/related-products-tag.liquid:
  development: 2018-04-24T12:47:53-04:00   813d68dadab82c11e77815162f58d488
snippets/search-form.liquid:
  development: 2018-04-24T12:47:53-04:00   28a50f2542fd28c27fd3eb50ae816c46
snippets/shopping cart.liquid:
  development: 2018-05-07T11:45:04-04:00   1e07d483720455dd8dac427b54b05667
snippets/sidebar-filter.liquid:
  development: 2018-04-24T12:47:53-04:00   38201d78680aa82f7b0f244c20e1c3cb
snippets/site-nav.liquid:
  development: 2018-05-14T13:44:44-04:00   c161d5b52a429e244738faeb15814f4b
snippets/social-meta-tags.liquid:
  development: 2018-04-24T12:47:53-04:00   ae9e213401623b2601abf0ace8e21537
snippets/social-sharing.liquid:
  development: 2018-04-24T12:47:53-04:00   df66127392b32e401ac2dd2963c78047
snippets/swatch-uaf.liquid:
  development: 2018-05-23T11:22:34-04:00   115179afe257feb7564b64d9c1c36666
snippets/swatch.liquid:
  development: 2018-05-23T10:36:53-04:00   c0e45c179f95e7c5951da9c7dc83364a
snippets/swatch_mo.liquid:
  development: 2018-05-07T11:45:12-04:00   545a3d2aad4b6ab61beb312c2390e1ed
snippets/swatch_scripts.liquid:
  development: 2018-04-24T12:47:54-04:00   165c736f88f421df154a6e3181673426
snippets/swatch1.liquid:
  development: 2018-05-07T11:45:11-04:00   df8d3fbe7823c82c9728c36048684c2c
snippets/swym-product-view.liquid:
  development: 2018-04-24T12:47:54-04:00   aa0b91af5bc512d8986c85595ccd0696
snippets/swymSnippet.liquid:
  development: 2018-05-14T13:44:13-04:00   293fd771fe962e6a75b79abd8b70c779
snippets/webyze-swatches.liquid:
  development: 2018-04-24T12:47:54-04:00   7358eb2d6887479b9c6ebe11c16a1b3b
templates/404.liquid:
  development: 2018-04-24T12:47:54-04:00   805b16263cdf5c85be9c507ad6b03623
templates/article.liquid:
  development: 2018-04-24T12:47:54-04:00   ee81292ccbf409a609d95a6d1a89d94f
templates/blog.liquid:
  development: 2018-04-24T12:47:54-04:00   2d9763b480fe6879080163b1e0e33e54
templates/cart.liquid:
  development: 2018-04-24T12:47:54-04:00   714b4b7c62d583b231f339bbd1b85d03
templates/collection.liquid:
  development: 2018-04-24T12:47:54-04:00   3e9ea8f06fb50be9295f2a4e2c566c5a
templates/customers/account.liquid:
  development: 2018-04-24T12:47:54-04:00   2150e58e96e6435f4449d4a71b395aa6
templates/customers/activate_account.liquid:
  development: 2018-04-24T12:47:54-04:00   857243216dbada72fb0fc9bc256da757
templates/customers/addresses.liquid:
  development: 2018-04-24T12:47:54-04:00   f430f4d7180c00a1e2c058124c26c0e9
templates/customers/login.liquid:
  development: 2018-04-24T12:47:54-04:00   74caa625756df91c28ef0f560b205c73
templates/customers/order.liquid:
  development: 2018-04-24T12:47:54-04:00   e6fc7179a5a3904781b3847d8ef8c0f7
templates/customers/register.liquid:
  development: 2018-04-24T12:47:54-04:00   b26abd3d37c5cd1db75d858f0fa55827
templates/customers/reset_password.liquid:
  development: 2018-04-24T12:47:54-04:00   e80703307e36b8b5dd428463bace82cc
templates/gift_card.liquid:
  development: 2018-04-24T12:47:54-04:00   16c95e9922ddd30e37f0cf018e86597c
templates/index.liquid:
  development: 2018-04-24T12:47:54-04:00   56b51b6f96394db4b17c64b43e1c0010
templates/list-collections.liquid:
  development: 2018-04-24T12:47:54-04:00   d42f6d6957169811896f646709d353d9
templates/page.contact.liquid:
  development: 2018-04-24T12:47:54-04:00   854f7fd02acf64bc9ce31bfd6994f791
templates/page.gift-guid.liquid:
  development: 2018-05-07T11:45:26-04:00   84ce413308dfcab4200370ba4be32971
templates/page.gift.liquid:
  development: 2018-04-24T12:47:54-04:00   1022e9a09ee679cd029f5af9f53d1db1
templates/page.help.liquid:
  development: 2018-04-24T12:47:54-04:00   746b8529f03a132db61ff930449e8c95
templates/page.judgeme_all_reviews.liquid:
  development: 2018-04-24T12:47:54-04:00   f62cde1b6ef3b83c8d7ce8cd40f74157
templates/page.liquid:
  development: 2018-04-24T12:47:54-04:00   6a7c70132fff86cd3da16a359017c411
templates/page.newpage.liquid:
  development: 2018-04-24T12:47:54-04:00   7ba48ab2b0fc245c4eac6ca02c8e0760
templates/page.our-story.liquid:
  development: 2018-04-24T12:47:54-04:00   28a1c65feea4457be6677d3f2bd531ab
templates/page.sizing.liquid:
  development: 2018-04-24T12:47:54-04:00   4d3cf078184ec5d7dbd5e9c01f918e41
templates/password.liquid:
  development: 2018-04-24T12:47:54-04:00   30d1743d26765ce8c3fa53a3fdf9524f
templates/product.full-outfit.liquid:
  development: 2018-04-24T12:47:54-04:00   3b0e69e1c8ae2e4de7bb5d2322641326
templates/product.liquid:
  development: 2018-05-14T13:44:51-04:00   aab724407e25bb66394082f6347d1351
templates/product.uaf.liquid:
  development: 2018-05-17T16:51:46-04:00   c8d5c513af3867581cb9bb476ff4535a
templates/product.xuaf.liquid:
  development: 2018-05-15T08:33:01-04:00   f3db0a409eea1fdac4eb21f93215890d
templates/search.liquid:
  development: 2018-04-24T12:47:54-04:00   3c010697053213c3eb7186d11ef696db
